
Microsoft Visual Studio Solution File, Format Version 12.00
# Visual Studio Version 16
VisualStudioVersion = 16.0.32602.291
MinimumVisualStudioVersion = 10.0.40219.1
Project("{9A19103F-16F7-4668-BE54-9A1E7A4F7556}") = "patterns", "patterns\patterns.csproj", "{95427110-E89C-48DB-B434-F50B27FF4EAD}"
EndProject
Project("{2150E333-8FDC-42A3-9474-1A3956D46DE8}") = "Creational patterns", "Creational patterns", "{7809CA14-6C3F-40E8-BF1E-D9C3A58FD7E7}"
EndProject
Project("{9A19103F-16F7-4668-BE54-9A1E7A4F7556}") = "Maze", "Maze\Maze.csproj", "{489E5F88-1D28-4A74-BEE0-6C8851CB6339}"
EndProject
Project("{9A19103F-16F7-4668-BE54-9A1E7A4F7556}") = "AbstractFactory", "AbstractFactory\AbstractFactory.csproj", "{90D6ECF1-8F60-43F3-B1EF-0994797EDED9}"
EndProject
Project("{9A19103F-16F7-4668-BE54-9A1E7A4F7556}") = "Builder", "Builder\Builder.csproj", "{FC2F5B4B-4ACA-440E-A73C-951AADB92311}"
EndProject
Project("{9A19103F-16F7-4668-BE54-9A1E7A4F7556}") = "Factory", "Factory\Factory.csproj", "{1074BE44-2A23-4002-A801-A270CDFA4D0E}"
EndProject
Project("{9A19103F-16F7-4668-BE54-9A1E7A4F7556}") = "Prototype", "Prototype\Prototype.csproj", "{266847F0-BBC7-4369-B11F-3D04F98E2D2F}"
EndProject
Project("{9A19103F-16F7-4668-BE54-9A1E7A4F7556}") = "Singleton", "Singleton\Singleton.csproj", "{E228AD32-ED81-43C9-9DCD-F0A8DD41B08E}"
EndProject
Project("{2150E333-8FDC-42A3-9474-1A3956D46DE8}") = "Structural patterns", "Structural patterns", "{EEEC722A-707F-45A7-9F46-245BF100B0D6}"
EndProject
Project("{9A19103F-16F7-4668-BE54-9A1E7A4F7556}") = "Bridge", "Bridge\Bridge.csproj", "{BD669442-8FF1-4AAD-9B3F-7709419D91ED}"
EndProject
Project("{9A19103F-16F7-4668-BE54-9A1E7A4F7556}") = "Composite", "Composite\Composite.csproj", "{03A0B3C5-115C-4893-8C29-D2729E1C96B3}"
EndProject
Project("{FAE04EC0-301F-11D3-BF4B-00C04F79EFBC}") = "Facade", "Facade\Facade.csproj", "{8F82A0E9-6A3D-4AF5-AB26-61E3AB34CC2E}"
EndProject
Project("{FAE04EC0-301F-11D3-BF4B-00C04F79EFBC}") = "Proxy", "Proxy\Proxy.csproj", "{7DC3A729-86E2-462C-A221-FE8A48337CA3}"
EndProject
Project("{FAE04EC0-301F-11D3-BF4B-00C04F79EFBC}") = "Adapter", "Adapter\Adapter.csproj", "{D407BC3C-0D14-46E4-B1C7-EA307B367F1B}"
EndProject
Global
	GlobalSection(SolutionConfigurationPlatforms) = preSolution
		Debug|Any CPU = Debug|Any CPU
		Release|Any CPU = Release|Any CPU
	EndGlobalSection
	GlobalSection(ProjectConfigurationPlatforms) = postSolution
		{95427110-E89C-48DB-B434-F50B27FF4EAD}.Debug|Any CPU.ActiveCfg = Debug|Any CPU
		{95427110-E89C-48DB-B434-F50B27FF4EAD}.Debug|Any CPU.Build.0 = Debug|Any CPU
		{95427110-E89C-48DB-B434-F50B27FF4EAD}.Release|Any CPU.ActiveCfg = Release|Any CPU
		{95427110-E89C-48DB-B434-F50B27FF4EAD}.Release|Any CPU.Build.0 = Release|Any CPU
		{489E5F88-1D28-4A74-BEE0-6C8851CB6339}.Debug|Any CPU.ActiveCfg = Debug|Any CPU
		{489E5F88-1D28-4A74-BEE0-6C8851CB6339}.Debug|Any CPU.Build.0 = Debug|Any CPU
		{489E5F88-1D28-4A74-BEE0-6C8851CB6339}.Release|Any CPU.ActiveCfg = Release|Any CPU
		{489E5F88-1D28-4A74-BEE0-6C8851CB6339}.Release|Any CPU.Build.0 = Release|Any CPU
		{90D6ECF1-8F60-43F3-B1EF-0994797EDED9}.Debug|Any CPU.ActiveCfg = Debug|Any CPU
		{90D6ECF1-8F60-43F3-B1EF-0994797EDED9}.Debug|Any CPU.Build.0 = Debug|Any CPU
		{90D6ECF1-8F60-43F3-B1EF-0994797EDED9}.Release|Any CPU.ActiveCfg = Release|Any CPU
		{90D6ECF1-8F60-43F3-B1EF-0994797EDED9}.Release|Any CPU.Build.0 = Release|Any CPU
		{FC2F5B4B-4ACA-440E-A73C-951AADB92311}.Debug|Any CPU.ActiveCfg = Debug|Any CPU
		{FC2F5B4B-4ACA-440E-A73C-951AADB92311}.Debug|Any CPU.Build.0 = Debug|Any CPU
		{FC2F5B4B-4ACA-440E-A73C-951AADB92311}.Release|Any CPU.ActiveCfg = Release|Any CPU
		{FC2F5B4B-4ACA-440E-A73C-951AADB92311}.Release|Any CPU.Build.0 = Release|Any CPU
		{1074BE44-2A23-4002-A801-A270CDFA4D0E}.Debug|Any CPU.ActiveCfg = Debug|Any CPU
		{1074BE44-2A23-4002-A801-A270CDFA4D0E}.Debug|Any CPU.Build.0 = Debug|Any CPU
		{1074BE44-2A23-4002-A801-A270CDFA4D0E}.Release|Any CPU.ActiveCfg = Release|Any CPU
		{1074BE44-2A23-4002-A801-A270CDFA4D0E}.Release|Any CPU.Build.0 = Release|Any CPU
		{266847F0-BBC7-4369-B11F-3D04F98E2D2F}.Debug|Any CPU.ActiveCfg = Debug|Any CPU
		{266847F0-BBC7-4369-B11F-3D04F98E2D2F}.Debug|Any CPU.Build.0 = Debug|Any CPU
		{266847F0-BBC7-4369-B11F-3D04F98E2D2F}.Release|Any CPU.ActiveCfg = Release|Any CPU
		{266847F0-BBC7-4369-B11F-3D04F98E2D2F}.Release|Any CPU.Build.0 = Release|Any CPU
		{E228AD32-ED81-43C9-9DCD-F0A8DD41B08E}.Debug|Any CPU.ActiveCfg = Debug|Any CPU
		{E228AD32-ED81-43C9-9DCD-F0A8DD41B08E}.Debug|Any CPU.Build.0 = Debug|Any CPU
		{E228AD32-ED81-43C9-9DCD-F0A8DD41B08E}.Release|Any CPU.ActiveCfg = Release|Any CPU
		{E228AD32-ED81-43C9-9DCD-F0A8DD41B08E}.Release|Any CPU.Build.0 = Release|Any CPU
		{BD669442-8FF1-4AAD-9B3F-7709419D91ED}.Debug|Any CPU.ActiveCfg = Debug|Any CPU
		{BD669442-8FF1-4AAD-9B3F-7709419D91ED}.Debug|Any CPU.Build.0 = Debug|Any CPU
		{BD669442-8FF1-4AAD-9B3F-7709419D91ED}.Release|Any CPU.ActiveCfg = Release|Any CPU
		{BD669442-8FF1-4AAD-9B3F-7709419D91ED}.Release|Any CPU.Build.0 = Release|Any CPU
		{03A0B3C5-115C-4893-8C29-D2729E1C96B3}.Debug|Any CPU.ActiveCfg = Debug|Any CPU
		{03A0B3C5-115C-4893-8C29-D2729E1C96B3}.Debug|Any CPU.Build.0 = Debug|Any CPU
		{03A0B3C5-115C-4893-8C29-D2729E1C96B3}.Release|Any CPU.ActiveCfg = Release|Any CPU
		{03A0B3C5-115C-4893-8C29-D2729E1C96B3}.Release|Any CPU.Build.0 = Release|Any CPU
		{8F82A0E9-6A3D-4AF5-AB26-61E3AB34CC2E}.Debug|Any CPU.ActiveCfg = Debug|Any CPU
		{8F82A0E9-6A3D-4AF5-AB26-61E3AB34CC2E}.Debug|Any CPU.Build.0 = Debug|Any CPU
		{8F82A0E9-6A3D-4AF5-AB26-61E3AB34CC2E}.Release|Any CPU.ActiveCfg = Release|Any CPU
		{8F82A0E9-6A3D-4AF5-AB26-61E3AB34CC2E}.Release|Any CPU.Build.0 = Release|Any CPU
		{7DC3A729-86E2-462C-A221-FE8A48337CA3}.Debug|Any CPU.ActiveCfg = Debug|Any CPU
		{7DC3A729-86E2-462C-A221-FE8A48337CA3}.Debug|Any CPU.Build.0 = Debug|Any CPU
		{7DC3A729-86E2-462C-A221-FE8A48337CA3}.Release|Any CPU.ActiveCfg = Release|Any CPU
		{7DC3A729-86E2-462C-A221-FE8A48337CA3}.Release|Any CPU.Build.0 = Release|Any CPU
		{D407BC3C-0D14-46E4-B1C7-EA307B367F1B}.Debug|Any CPU.ActiveCfg = Debug|Any CPU
		{D407BC3C-0D14-46E4-B1C7-EA307B367F1B}.Debug|Any CPU.Build.0 = Debug|Any CPU
		{D407BC3C-0D14-46E4-B1C7-EA307B367F1B}.Release|Any CPU.ActiveCfg = Release|Any CPU
		{D407BC3C-0D14-46E4-B1C7-EA307B367F1B}.Release|Any CPU.Build.0 = Release|Any CPU
	EndGlobalSection
	GlobalSection(SolutionProperties) = preSolution
		HideSolutionNode = FALSE
	EndGlobalSection
	GlobalSection(NestedProjects) = preSolution
		{489E5F88-1D28-4A74-BEE0-6C8851CB6339} = {7809CA14-6C3F-40E8-BF1E-D9C3A58FD7E7}
		{90D6ECF1-8F60-43F3-B1EF-0994797EDED9} = {7809CA14-6C3F-40E8-BF1E-D9C3A58FD7E7}
		{FC2F5B4B-4ACA-440E-A73C-951AADB92311} = {7809CA14-6C3F-40E8-BF1E-D9C3A58FD7E7}
		{1074BE44-2A23-4002-A801-A270CDFA4D0E} = {7809CA14-6C3F-40E8-BF1E-D9C3A58FD7E7}
		{266847F0-BBC7-4369-B11F-3D04F98E2D2F} = {7809CA14-6C3F-40E8-BF1E-D9C3A58FD7E7}
		{E228AD32-ED81-43C9-9DCD-F0A8DD41B08E} = {7809CA14-6C3F-40E8-BF1E-D9C3A58FD7E7}
		{BD669442-8FF1-4AAD-9B3F-7709419D91ED} = {EEEC722A-707F-45A7-9F46-245BF100B0D6}
		{03A0B3C5-115C-4893-8C29-D2729E1C96B3} = {EEEC722A-707F-45A7-9F46-245BF100B0D6}
		{8F82A0E9-6A3D-4AF5-AB26-61E3AB34CC2E} = {EEEC722A-707F-45A7-9F46-245BF100B0D6}
		{7DC3A729-86E2-462C-A221-FE8A48337CA3} = {EEEC722A-707F-45A7-9F46-245BF100B0D6}
		{D407BC3C-0D14-46E4-B1C7-EA307B367F1B} = {EEEC722A-707F-45A7-9F46-245BF100B0D6}
	EndGlobalSection
	GlobalSection(ExtensibilityGlobals) = postSolution
		SolutionGuid = {9E688AA1-383B-47D6-B88C-9712FEDAACE8}
	EndGlobalSection
EndGlobal
